
Microsoft Visual Studio Solution File, Format Version 12.00
# Visual Studio Version 17
VisualStudioVersion = 17.13.35919.96 d17.13
MinimumVisualStudioVersion = 10.0.40219.1
Project("{FAE04EC0-301F-11D3-BF4B-00C04F79EFBC}") = "GestaoDeEquipamentos.ConsoleApp", "GestaoDeEquipamentos.ConsoleApp\GestaoDeEquipamentos.ConsoleApp.csproj", "{EC366A34-8F4A-46D6-A688-6B73B61903DB}"
EndProject
Global
	GlobalSection(SolutionConfigurationPlatforms) = preSolution
		Debug|Any CPU = Debug|Any CPU
		Release|Any CPU = Release|Any CPU
	EndGlobalSection
	GlobalSection(ProjectConfigurationPlatforms) = postSolution
		{EC366A34-8F4A-46D6-A688-6B73B61903DB}.Debug|Any CPU.ActiveCfg = Debug|Any CPU
		{EC366A34-8F4A-46D6-A688-6B73B61903DB}.Debug|Any CPU.Build.0 = Debug|Any CPU
		{EC366A34-8F4A-46D6-A688-6B73B61903DB}.Release|Any CPU.ActiveCfg = Release|Any CPU
		{EC366A34-8F4A-46D6-A688-6B73B61903DB}.Release|Any CPU.Build.0 = Release|Any CPU
	EndGlobalSection
	GlobalSection(SolutionProperties) = preSolution
		HideSolutionNode = FALSE
	EndGlobalSection
	GlobalSection(ExtensibilityGlobals) = postSolution
		SolutionGuid = {C0B0E4F9-A1C4-4BE4-A810-FE552E96C586}
	EndGlobalSection
EndGlobal
